// !$*UTF8*$!
{
	archiveVersion = 1;
	classes = {
	};
	objectVersion = 55;
	objects = {

/* Begin PBXBuildFile section */
		0AC5647F2872A38500045E65 /* Tests_iOS.swift in Sources */ = {isa = PBXBuildFile; fileRef = 0AC5647E2872A38500045E65 /* Tests_iOS.swift */; };
		0AC564812872A38500045E65 /* Tests_iOSLaunchTests.swift in Sources */ = {isa = PBXBuildFile; fileRef = 0AC564802872A38500045E65 /* Tests_iOSLaunchTests.swift */; };
		0AC5648B2872A38500045E65 /* Tests_macOS.swift in Sources */ = {isa = PBXBuildFile; fileRef = 0AC5648A2872A38500045E65 /* Tests_macOS.swift */; };
		0AC5648D2872A38500045E65 /* Tests_macOSLaunchTests.swift in Sources */ = {isa = PBXBuildFile; fileRef = 0AC5648C2872A38500045E65 /* Tests_macOSLaunchTests.swift */; };
		0AC5648E2872A38500045E65 /* S704App.swift in Sources */ = {isa = PBXBuildFile; fileRef = 0AC564662872A38400045E65 /* S704App.swift */; };
		0AC5648F2872A38500045E65 /* S704App.swift in Sources */ = {isa = PBXBuildFile; fileRef = 0AC564662872A38400045E65 /* S704App.swift */; };
		0AC564902872A38500045E65 /* ContentView.swift in Sources */ = {isa = PBXBuildFile; fileRef = 0AC564672872A38400045E65 /* ContentView.swift */; };
		0AC564912872A38500045E65 /* ContentView.swift in Sources */ = {isa = PBXBuildFile; fileRef = 0AC564672872A38400045E65 /* ContentView.swift */; };
		0AC564922872A38500045E65 /* Assets.xcassets in Resources */ = {isa = PBXBuildFile; fileRef = 0AC564682872A38500045E65 /* Assets.xcassets */; };
		0AC564932872A38500045E65 /* Assets.xcassets in Resources */ = {isa = PBXBuildFile; fileRef = 0AC564682872A38500045E65 /* Assets.xcassets */; };
/* End PBXBuildFile section */

/* Begin PBXContainerItemProxy section */
		0AC5647B2872A38500045E65 /* PBXContainerItemProxy */ = {
			isa = PBXContainerItemProxy;
			containerPortal = 0AC564612872A38400045E65 /* Project object */;
			proxyType = 1;
			remoteGlobalIDString = 0AC5646C2872A38500045E65;
			remoteInfo = "S704 (iOS)";
		};
		0AC564872872A38500045E65 /* PBXContainerItemProxy */ = {
			isa = PBXContainerItemProxy;
			containerPortal = 0AC564612872A38400045E65 /* Project object */;
			proxyType = 1;
			remoteGlobalIDString = 0AC564722872A38500045E65;
			remoteInfo = "S704 (macOS)";
		};
/* End PBXContainerItemProxy section */

/* Begin PBXFileReference section */
		0AC564662872A38400045E65 /* S704App.swift */ = {isa = PBXFileReference; lastKnownFileType = sourcecode.swift; path = S704App.swift; sourceTree = "<group>"; };
		0AC564672872A38400045E65 /* ContentView.swift */ = {isa = PBXFileReference; lastKnownFileType = sourcecode.swift; path = ContentView.swift; sourceTree = "<group>"; };
		0AC564682872A38500045E65 /* Assets.xcassets */ = {isa = PBXFileReference; lastKnownFileType = folder.assetcatalog; path = Assets.xcassets; sourceTree = "<group>"; };
		0AC5646D2872A38500045E65 /* S704.app */ = {isa = PBXFileReference; explicitFileType = wrapper.application; includeInIndex = 0; path = S704.app; sourceTree = BUILT_PRODUCTS_DIR; };
		0AC564732872A38500045E65 /* S704.app */ = {isa = PBXFileReference; explicitFileType = wrapper.application; includeInIndex = 0; path = S704.app; sourceTree = BUILT_PRODUCTS_DIR; };
		0AC564752872A38500045E65 /* macOS.entitlements */ = {isa = PBXFileReference; lastKnownFileType = text.plist.entitlements; path = macOS.entitlements; sourceTree = "<group>"; };
		0AC5647A2872A38500045E65 /* Tests iOS.xctest */ = {isa = PBXFileReference; explicitFileType = wrapper.cfbundle; includeInIndex = 0; path = "Tests iOS.xctest"; sourceTree = BUILT_PRODUCTS_DIR; };
		0AC5647E2872A38500045E65 /* Tests_iOS.swift */ = {isa = PBXFileReference; lastKnownFileType = sourcecode.swift; path = Tests_iOS.swift; sourceTree = "<group>"; };
		0AC564802872A38500045E65 /* Tests_iOSLaunchTests.swift */ = {isa = PBXFileReference; lastKnownFileType = sourcecode.swift; path = Tests_iOSLaunchTests.swift; sourceTree = "<group>"; };
		0AC564862872A38500045E65 /* Tests macOS.xctest */ = {isa = PBXFileReference; explicitFileType = wrapper.cfbundle; includeInIndex = 0; path = "Tests macOS.xctest"; sourceTree = BUILT_PRODUCTS_DIR; };
		0AC5648A2872A38500045E65 /* Tests_macOS.swift */ = {isa = PBXFileReference; lastKnownFileType = sourcecode.swift; path = Tests_macOS.swift; sourceTree = "<group>"; };
		0AC5648C2872A38500045E65 /* Tests_macOSLaunchTests.swift */ = {isa = PBXFileReference; lastKnownFileType = sourcecode.swift; path = Tests_macOSLaunchTests.swift; sourceTree = "<group>"; };
/* End PBXFileReference section */

/* Begin PBXFrameworksBuildPhase section */
		0AC5646A2872A38500045E65 /* Frameworks */ = {
			isa = PBXFrameworksBuildPhase;
			buildActionMask = 2147483647;
			files = (
			);
			runOnlyForDeploymentPostprocessing = 0;
		};
		0AC564702872A38500045E65 /* Frameworks */ = {
			isa = PBXFrameworksBuildPhase;
			buildActionMask = 2147483647;
			files = (
			);
			runOnlyForDeploymentPostprocessing = 0;
		};
		0AC564772872A38500045E65 /* Frameworks */ = {
			isa = PBXFrameworksBuildPhase;
			buildActionMask = 2147483647;
			files = (
			);
			runOnlyForDeploymentPostprocessing = 0;
		};
		0AC564832872A38500045E65 /* Frameworks */ = {
			isa = PBXFrameworksBuildPhase;
			buildActionMask = 2147483647;
			files = (
			);
			runOnlyForDeploymentPostprocessing = 0;
		};
/* End PBXFrameworksBuildPhase section */

/* Begin PBXGroup section */
		0AC564602872A38400045E65 = {
			isa = PBXGroup;
			children = (
				0AC564652872A38400045E65 /* Shared */,
				0AC564742872A38500045E65 /* macOS */,
				0AC5647D2872A38500045E65 /* Tests iOS */,
				0AC564892872A38500045E65 /* Tests macOS */,
				0AC5646E2872A38500045E65 /* Products */,
			);
			sourceTree = "<group>";
		};
		0AC564652872A38400045E65 /* Shared */ = {
			isa = PBXGroup;
			children = (
				0AC564662872A38400045E65 /* S704App.swift */,
				0AC564672872A38400045E65 /* ContentView.swift */,
				0AC564682872A38500045E65 /* Assets.xcassets */,
			);
			path = Shared;
			sourceTree = "<group>";
		};
		0AC5646E2872A38500045E65 /* Products */ = {
			isa = PBXGroup;
			children = (
				0AC5646D2872A38500045E65 /* S704.app */,
				0AC564732872A38500045E65 /* S704.app */,
				0AC5647A2872A38500045E65 /* Tests iOS.xctest */,
				0AC564862872A38500045E65 /* Tests macOS.xctest */,
			);
			name = Products;
			sourceTree = "<group>";
		};
		0AC564742872A38500045E65 /* macOS */ = {
			isa = PBXGroup;
			children = (
				0AC564752872A38500045E65 /* macOS.entitlements */,
			);
			path = macOS;
			sourceTree = "<group>";
		};
		0AC5647D2872A38500045E65 /* Tests iOS */ = {
			isa = PBXGroup;
			children = (
				0AC5647E2872A38500045E65 /* Tests_iOS.swift */,
				0AC564802872A38500045E65 /* Tests_iOSLaunchTests.swift */,
			);
			path = "Tests iOS";
			sourceTree = "<group>";
		};
		0AC564892872A38500045E65 /* Tests macOS */ = {
			isa = PBXGroup;
			children = (
				0AC5648A2872A38500045E65 /* Tests_macOS.swift */,
				0AC5648C2872A38500045E65 /* Tests_macOSLaunchTests.swift */,
			);
			path = "Tests macOS";
			sourceTree = "<group>";
		};
/* End PBXGroup section */

/* Begin PBXNativeTarget section */
		0AC5646C2872A38500045E65 /* S704 (iOS) */ = {
			isa = PBXNativeTarget;
			buildConfigurationList = 0AC564962872A38500045E65 /* Build configuration list for PBXNativeTarget "S704 (iOS)" */;
			buildPhases = (
				0AC564692872A38500045E65 /* Sources */,
				0AC5646A2872A38500045E65 /* Frameworks */,
				0AC5646B2872A38500045E65 /* Resources */,
			);
			buildRules = (
			);
			dependencies = (
			);
			name = "S704 (iOS)";
			productName = "S704 (iOS)";
			productReference = 0AC5646D2872A38500045E65 /* S704.app */;
			productType = "com.apple.product-type.application";
		};
		0AC564722872A38500045E65 /* S704 (macOS) */ = {
			isa = PBXNativeTarget;
			buildConfigurationList = 0AC564992872A38500045E65 /* Build configuration list for PBXNativeTarget "S704 (macOS)" */;
			buildPhases = (
				0AC5646F2872A38500045E65 /* Sources */,
				0AC564702872A38500045E65 /* Frameworks */,
				0AC564712872A38500045E65 /* Resources */,
			);
			buildRules = (
			);
			dependencies = (
			);
			name = "S704 (macOS)";
			productName = "S704 (macOS)";
			productReference = 0AC564732872A38500045E65 /* S704.app */;
			productType = "com.apple.product-type.application";
		};
		0AC564792872A38500045E65 /* Tests iOS */ = {
			isa = PBXNativeTarget;
			buildConfigurationList = 0AC5649C2872A38500045E65 /* Build configuration list for PBXNativeTarget "Tests iOS" */;
			buildPhases = (
				0AC564762872A38500045E65 /* Sources */,
				0AC564772872A38500045E65 /* Frameworks */,
				0AC564782872A38500045E65 /* Resources */,
			);
			buildRules = (
			);
			dependencies = (
				0AC5647C2872A38500045E65 /* PBXTargetDependency */,
			);
			name = "Tests iOS";
			productName = "Tests iOS";
			productReference = 0AC5647A2872A38500045E65 /* Tests iOS.xctest */;
			productType = "com.apple.product-type.bundle.ui-testing";
		};
		0AC564852872A38500045E65 /* Tests macOS */ = {
			isa = PBXNativeTarget;
			buildConfigurationList = 0AC5649F2872A38500045E65 /* Build configuration list for PBXNativeTarget "Tests macOS" */;
			buildPhases = (
				0AC564822872A38500045E65 /* Sources */,
				0AC564832872A38500045E65 /* Frameworks */,
				0AC564842872A38500045E65 /* Resources */,
			);
			buildRules = (
			);
			dependencies = (
				0AC564882872A38500045E65 /* PBXTargetDependency */,
			);
			name = "Tests macOS";
			productName = "Tests macOS";
			productReference = 0AC564862872A38500045E65 /* Tests macOS.xctest */;
			productType = "com.apple.product-type.bundle.ui-testing";
		};
/* End PBXNativeTarget section */

/* Begin PBXProject section */
		0AC564612872A38400045E65 /* Project object */ = {
			isa = PBXProject;
			attributes = {
				BuildIndependentTargetsInParallel = 1;
				LastSwiftUpdateCheck = 1340;
				LastUpgradeCheck = 1340;
				TargetAttributes = {
					0AC5646C2872A38500045E65 = {
						CreatedOnToolsVersion = 13.4.1;
					};
					0AC564722872A38500045E65 = {
						CreatedOnToolsVersion = 13.4.1;
					};
					0AC564792872A38500045E65 = {
						CreatedOnToolsVersion = 13.4.1;
						TestTargetID = 0AC5646C2872A38500045E65;
					};
					0AC564852872A38500045E65 = {
						CreatedOnToolsVersion = 13.4.1;
						TestTargetID = 0AC564722872A38500045E65;
					};
				};
			};
			buildConfigurationList = 0AC564642872A38400045E65 /* Build configuration list for PBXProject "S704" */;
			compatibilityVersion = "Xcode 13.0";
			developmentRegion = en;
			hasScannedForEncodings = 0;
			knownRegions = (
				en,
				Base,
			);
			mainGroup = 0AC564602872A38400045E65;
			productRefGroup = 0AC5646E2872A38500045E65 /* Products */;
			projectDirPath = "";
			projectRoot = "";
			targets = (
				0AC5646C2872A38500045E65 /* S704 (iOS) */,
				0AC564722872A38500045E65 /* S704 (macOS) */,
				0AC564792872A38500045E65 /* Tests iOS */,
				0AC564852872A38500045E65 /* Tests macOS */,
			);
		};
/* End PBXProject section */

/* Begin PBXResourcesBuildPhase section */
		0AC5646B2872A38500045E65 /* Resources */ = {
			isa = PBXResourcesBuildPhase;
			buildActionMask = 2147483647;
			files = (
				0AC564922872A38500045E65 /* Assets.xcassets in Resources */,
			);
			runOnlyForDeploymentPostprocessing = 0;
		};
		0AC564712872A38500045E65 /* Resources */ = {
			isa = PBXResourcesBuildPhase;
			buildActionMask = 2147483647;
			files = (
				0AC564932872A38500045E65 /* Assets.xcassets in Resources */,
			);
			runOnlyForDeploymentPostprocessing = 0;
		};
		0AC564782872A38500045E65 /* Resources */ = {
			isa = PBXResourcesBuildPhase;
			buildActionMask = 2147483647;
			files = (
			);
			runOnlyForDeploymentPostprocessing = 0;
		};
		0AC564842872A38500045E65 /* Resources */ = {
			isa = PBXResourcesBuildPhase;
			buildActionMask = 2147483647;
			files = (
			);
			runOnlyForDeploymentPostprocessing = 0;
		};
/* End PBXResourcesBuildPhase section */

/* Begin PBXSourcesBuildPhase section */
		0AC564692872A38500045E65 /* Sources */ = {
			isa = PBXSourcesBuildPhase;
			buildActionMask = 2147483647;
			files = (
				0AC564902872A38500045E65 /* ContentView.swift in Sources */,
				0AC5648E2872A38500045E65 /* S704App.swift in Sources */,
			);
			runOnlyForDeploymentPostprocessing = 0;
		};
		0AC5646F2872A38500045E65 /* Sources */ = {
			isa = PBXSourcesBuildPhase;
			buildActionMask = 2147483647;
			files = (
				0AC564912872A38500045E65 /* ContentView.swift in Sources */,
				0AC5648F2872A38500045E65 /* S704App.swift in Sources */,
			);
			runOnlyForDeploymentPostprocessing = 0;
		};
		0AC564762872A38500045E65 /* Sources */ = {
			isa = PBXSourcesBuildPhase;
			buildActionMask = 2147483647;
			files = (
				0AC564812872A38500045E65 /* Tests_iOSLaunchTests.swift in Sources */,
				0AC5647F2872A38500045E65 /* Tests_iOS.swift in Sources */,
			);
			runOnlyForDeploymentPostprocessing = 0;
		};
		0AC564822872A38500045E65 /* Sources */ = {
			isa = PBXSourcesBuildPhase;
			buildActionMask = 2147483647;
			files = (
				0AC5648D2872A38500045E65 /* Tests_macOSLaunchTests.swift in Sources */,
				0AC5648B2872A38500045E65 /* Tests_macOS.swift in Sources */,
			);
			runOnlyForDeploymentPostprocessing = 0;
		};
/* End PBXSourcesBuildPhase section */

/* Begin PBXTargetDependency section */
		0AC5647C2872A38500045E65 /* PBXTargetDependency */ = {
			isa = PBXTargetDependency;
			target = 0AC5646C2872A38500045E65 /* S704 (iOS) */;
			targetProxy = 0AC5647B2872A38500045E65 /* PBXContainerItemProxy */;
		};
		0AC564882872A38500045E65 /* PBXTargetDependency */ = {
			isa = PBXTargetDependency;
			target = 0AC564722872A38500045E65 /* S704 (macOS) */;
			targetProxy = 0AC564872872A38500045E65 /* PBXContainerItemProxy */;
		};
/* End PBXTargetDependency section */

/* Begin XCBuildConfiguration section */
		0AC564942872A38500045E65 /* Debug */ = {
			isa = XCBuildConfiguration;
			buildSettings = {
				ALWAYS_SEARCH_USER_PATHS = NO;
				CLANG_ANALYZER_NONNULL = YES;
				CLANG_ANALYZER_NUMBER_OBJECT_CONVERSION = YES_AGGRESSIVE;
				CLANG_CXX_LANGUAGE_STANDARD = "gnu++17";
				CLANG_ENABLE_MODULES = YES;
				CLANG_ENABLE_OBJC_ARC = YES;
				CLANG_ENABLE_OBJC_WEAK = YES;
				CLANG_WARN_BLOCK_CAPTURE_AUTORELEASING = YES;
				CLANG_WARN_BOOL_CONVERSION = YES;
				CLANG_WARN_COMMA = YES;
				CLANG_WARN_CONSTANT_CONVERSION = YES;
				CLANG_WARN_DEPRECATED_OBJC_IMPLEMENTATIONS = YES;
				CLANG_WARN_DIRECT_OBJC_ISA_USAGE = YES_ERROR;
				CLANG_WARN_DOCUMENTATION_COMMENTS = YES;
				CLANG_WARN_EMPTY_BODY = YES;
				CLANG_WARN_ENUM_CONVERSION = YES;
				CLANG_WARN_INFINITE_RECURSION = YES;
				CLANG_WARN_INT_CONVERSION = YES;
				CLANG_WARN_NON_LITERAL_NULL_CONVERSION = YES;
				CLANG_WARN_OBJC_IMPLICIT_RETAIN_SELF = YES;
				CLANG_WARN_OBJC_LITERAL_CONVERSION = YES;
				CLANG_WARN_OBJC_ROOT_CLASS = YES_ERROR;
				CLANG_WARN_QUOTED_INCLUDE_IN_FRAMEWORK_HEADER = YES;
				CLANG_WARN_RANGE_LOOP_ANALYSIS = YES;
				CLANG_WARN_STRICT_PROTOTYPES = YES;
				CLANG_WARN_SUSPICIOUS_MOVE = YES;
				CLANG_WARN_UNGUARDED_AVAILABILITY = YES_AGGRESSIVE;
				CLANG_WARN_UNREACHABLE_CODE = YES;
				CLANG_WARN__DUPLICATE_METHOD_MATCH = YES;
				COPY_PHASE_STRIP = NO;
				DEBUG_INFORMATION_FORMAT = dwarf;
				ENABLE_STRICT_OBJC_MSGSEND = YES;
				ENABLE_TESTABILITY = YES;
				GCC_C_LANGUAGE_STANDARD = gnu11;
				GCC_DYNAMIC_NO_PIC = NO;
				GCC_NO_COMMON_BLOCKS = YES;
				GCC_OPTIMIZATION_LEVEL = 0;
				GCC_PREPROCESSOR_DEFINITIONS = (
					"DEBUG=1",
					"$(inherited)",
				);
				GCC_WARN_64_TO_32_BIT_CONVERSION = YES;
				GCC_WARN_ABOUT_RETURN_TYPE = YES_ERROR;
				GCC_WARN_UNDECLARED_SELECTOR = YES;
				GCC_WARN_UNINITIALIZED_AUTOS = YES_AGGRESSIVE;
				GCC_WARN_UNUSED_FUNCTION = YES;
				GCC_WARN_UNUSED_VARIABLE = YES;
				MTL_ENABLE_DEBUG_INFO = INCLUDE_SOURCE;
				MTL_FAST_MATH = YES;
				ONLY_ACTIVE_ARCH = YES;
				SWIFT_ACTIVE_COMPILATION_CONDITIONS = DEBUG;
				SWIFT_OPTIMIZATION_LEVEL = "-Onone";
			};
			name = Debug;
		};
		0AC564952872A38500045E65 /* Release */ = {
			isa = XCBuildConfiguration;
			buildSettings = {
				ALWAYS_SEARCH_USER_PATHS = NO;
				CLANG_ANALYZER_NONNULL = YES;
				CLANG_ANALYZER_NUMBER_OBJECT_CONVERSION = YES_AGGRESSIVE;
				CLANG_CXX_LANGUAGE_STANDARD = "gnu++17";
				CLANG_ENABLE_MODULES = YES;
				CLANG_ENABLE_OBJC_ARC = YES;
				CLANG_ENABLE_OBJC_WEAK = YES;
				CLANG_WARN_BLOCK_CAPTURE_AUTORELEASING = YES;
				CLANG_WARN_BOOL_CONVERSION = YES;
				CLANG_WARN_COMMA = YES;
				CLANG_WARN_CONSTANT_CONVERSION = YES;
				CLANG_WARN_DEPRECATED_OBJC_IMPLEMENTATIONS = YES;
				CLANG_WARN_DIRECT_OBJC_ISA_USAGE = YES_ERROR;
				CLANG_WARN_DOCUMENTATION_COMMENTS = YES;
				CLANG_WARN_EMPTY_BODY = YES;
				CLANG_WARN_ENUM_CONVERSION = YES;
				CLANG_WARN_INFINITE_RECURSION = YES;
				CLANG_WARN_INT_CONVERSION = YES;
				CLANG_WARN_NON_LITERAL_NULL_CONVERSION = YES;
				CLANG_WARN_OBJC_IMPLICIT_RETAIN_SELF = YES;
				CLANG_WARN_OBJC_LITERAL_CONVERSION = YES;
				CLANG_WARN_OBJC_ROOT_CLASS = YES_ERROR;
				CLANG_WARN_QUOTED_INCLUDE_IN_FRAMEWORK_HEADER = YES;
				CLANG_WARN_RANGE_LOOP_ANALYSIS = YES;
				CLANG_WARN_STRICT_PROTOTYPES = YES;
				CLANG_WARN_SUSPICIOUS_MOVE = YES;
				CLANG_WARN_UNGUARDED_AVAILABILITY = YES_AGGRESSIVE;
				CLANG_WARN_UNREACHABLE_CODE = YES;
				CLANG_WARN__DUPLICATE_METHOD_MATCH = YES;
				COPY_PHASE_STRIP = NO;
				DEBUG_INFORMATION_FORMAT = "dwarf-with-dsym";
				ENABLE_NS_ASSERTIONS = NO;
				ENABLE_STRICT_OBJC_MSGSEND = YES;
				GCC_C_LANGUAGE_STANDARD = gnu11;
				GCC_NO_COMMON_BLOCKS = YES;
				GCC_WARN_64_TO_32_BIT_CONVERSION = YES;
				GCC_WARN_ABOUT_RETURN_TYPE = YES_ERROR;
				GCC_WARN_UNDECLARED_SELECTOR = YES;
				GCC_WARN_UNINITIALIZED_AUTOS = YES_AGGRESSIVE;
				GCC_WARN_UNUSED_FUNCTION = YES;
				GCC_WARN_UNUSED_VARIABLE = YES;
				MTL_ENABLE_DEBUG_INFO = NO;
				MTL_FAST_MATH = YES;
				SWIFT_COMPILATION_MODE = wholemodule;
				SWIFT_OPTIMIZATION_LEVEL = "-O";
			};
			name = Release;
		};
		0AC564972872A38500045E65 /* Debug */ = {
			isa = XCBuildConfiguration;
			buildSettings = {
				ASSETCATALOG_COMPILER_APPICON_NAME = AppIcon;
				ASSETCATALOG_COMPILER_GLOBAL_ACCENT_COLOR_NAME = AccentColor;
				CODE_SIGN_STYLE = Automatic;
				CURRENT_PROJECT_VERSION = 1;
				DEVELOPMENT_TEAM = K68T34XSW2;
				ENABLE_PREVIEWS = YES;
				GENERATE_INFOPLIST_FILE = YES;
				INFOPLIST_KEY_UIApplicationSceneManifest_Generation = YES;
				INFOPLIST_KEY_UIApplicationSupportsIndirectInputEvents = YES;
				INFOPLIST_KEY_UILaunchScreen_Generation = YES;
				INFOPLIST_KEY_UISupportedInterfaceOrientations_iPad = "UIInterfaceOrientationPortrait UIInterfaceOrientationPortraitUpsideDown UIInterfaceOrientationLandscapeLeft UIInterfaceOrientationLandscapeRight";
				INFOPLIST_KEY_UISupportedInterfaceOrientations_iPhone = "UIInterfaceOrientationPortrait UIInterfaceOrientationLandscapeLeft UIInterfaceOrientationLandscapeRight";
				IPHONEOS_DEPLOYMENT_TARGET = 15.5;
				LD_RUNPATH_SEARCH_PATHS = (
					"$(inherited)",
					"@executable_path/Frameworks",
				);
				MARKETING_VERSION = 1.0;
				PRODUCT_BUNDLE_IDENTIFIER = app.peter.S704;
				PRODUCT_NAME = S704;
				SDKROOT = iphoneos;
				SWIFT_EMIT_LOC_STRINGS = YES;
				SWIFT_VERSION = 5.0;
				TARGETED_DEVICE_FAMILY = "1,2";
			};
			name = Debug;
		};
		0AC564982872A38500045E65 /* Release */ = {
			isa = XCBuildConfiguration;
			buildSettings = {
				ASSETCATALOG_COMPILER_APPICON_NAME = AppIcon;
				ASSETCATALOG_COMPILER_GLOBAL_ACCENT_COLOR_NAME = AccentColor;
				CODE_SIGN_STYLE = Automatic;
				CURRENT_PROJECT_VERSION = 1;
				DEVELOPMENT_TEAM = K68T34XSW2;
				ENABLE_PREVIEWS = YES;
				GENERATE_INFOPLIST_FILE = YES;
				INFOPLIST_KEY_UIApplicationSceneManifest_Generation = YES;
				INFOPLIST_KEY_UIApplicationSupportsIndirectInputEvents = YES;
				INFOPLIST_KEY_UILaunchScreen_Generation = YES;
				INFOPLIST_KEY_UISupportedInterfaceOrientations_iPad = "UIInterfaceOrientationPortrait UIInterfaceOrientationPortraitUpsideDown UIInterfaceOrientationLandscapeLeft UIInterfaceOrientationLandscapeRight";
				INFOPLIST_KEY_UISupportedInterfaceOrientations_iPhone = "UIInterfaceOrientationPortrait UIInterfaceOrientationLandscapeLeft UIInterfaceOrientationLandscapeRight";
				IPHONEOS_DEPLOYMENT_TARGET = 15.5;
				LD_RUNPATH_SEARCH_PATHS = (
					"$(inherited)",
					"@executable_path/Frameworks",
				);
				MARKETING_VERSION = 1.0;
				PRODUCT_BUNDLE_IDENTIFIER = app.peter.S704;
				PRODUCT_NAME = S704;
				SDKROOT = iphoneos;
				SWIFT_EMIT_LOC_STRINGS = YES;
				SWIFT_VERSION = 5.0;
				TARGETED_DEVICE_FAMILY = "1,2";
				VALIDATE_PRODUCT = YES;
			};
			name = Release;
		};
		0AC5649A2872A38500045E65 /* Debug */ = {
			isa = XCBuildConfiguration;
			buildSettings = {
				ASSETCATALOG_COMPILER_APPICON_NAME = AppIcon;
				ASSETCATALOG_COMPILER_GLOBAL_ACCENT_COLOR_NAME = AccentColor;
				CODE_SIGN_ENTITLEMENTS = macOS/macOS.entitlements;
				CODE_SIGN_STYLE = Automatic;
				COMBINE_HIDPI_IMAGES = YES;
				CURRENT_PROJECT_VERSION = 1;
				DEVELOPMENT_TEAM = K68T34XSW2;
				ENABLE_HARDENED_RUNTIME = YES;
				ENABLE_PREVIEWS = YES;
				GENERATE_INFOPLIST_FILE = YES;
				INFOPLIST_KEY_NSHumanReadableCopyright = "";
				LD_RUNPATH_SEARCH_PATHS = (
					"$(inherited)",
					"@executable_path/../Frameworks",
				);
				MACOSX_DEPLOYMENT_TARGET = 12.3;
				MARKETING_VERSION = 1.0;
				PRODUCT_BUNDLE_IDENTIFIER = app.peter.S704;
				PRODUCT_NAME = S704;
				SDKROOT = macosx;
				SWIFT_EMIT_LOC_STRINGS = YES;
				SWIFT_VERSION = 5.0;
			};
			name = Debug;
		};
		0AC5649B2872A38500045E65 /* Release */ = {
			isa = XCBuildConfiguration;
			buildSettings = {
				ASSETCATALOG_COMPILER_APPICON_NAME = AppIcon;
				ASSETCATALOG_COMPILER_GLOBAL_ACCENT_COLOR_NAME = AccentColor;
				CODE_SIGN_ENTITLEMENTS = macOS/macOS.entitlements;
				CODE_SIGN_STYLE = Automatic;
				COMBINE_HIDPI_IMAGES = YES;
				CURRENT_PROJECT_VERSION = 1;
				DEVELOPMENT_TEAM = K68T34XSW2;
				ENABLE_HARDENED_RUNTIME = YES;
				ENABLE_PREVIEWS = YES;
				GENERATE_INFOPLIST_FILE = YES;
				INFOPLIST_KEY_NSHumanReadableCopyright = "";
				LD_RUNPATH_SEARCH_PATHS = (
					"$(inherited)",
					"@executable_path/../Frameworks",
				);
				MACOSX_DEPLOYMENT_TARGET = 12.3;
				MARKETING_VERSION = 1.0;
				PRODUCT_BUNDLE_IDENTIFIER = app.peter.S704;
				PRODUCT_NAME = S704;
				SDKROOT = macosx;
				SWIFT_EMIT_LOC_STRINGS = YES;
				SWIFT_VERSION = 5.0;
			};
			name = Release;
		};
		0AC5649D2872A38500045E65 /* Debug */ = {
			isa = XCBuildConfiguration;
			buildSettings = {
				ALWAYS_EMBED_SWIFT_STANDARD_LIBRARIES = YES;
				CODE_SIGN_STYLE = Automatic;
				CURRENT_PROJECT_VERSION = 1;
				DEVELOPMENT_TEAM = K68T34XSW2;
				GENERATE_INFOPLIST_FILE = YES;
				IPHONEOS_DEPLOYMENT_TARGET = 15.5;
				MARKETING_VERSION = 1.0;
				PRODUCT_BUNDLE_IDENTIFIER = "app.peter.Tests-iOS";
				PRODUCT_NAME = "$(TARGET_NAME)";
				SDKROOT = iphoneos;
				SWIFT_EMIT_LOC_STRINGS = NO;
				SWIFT_VERSION = 5.0;
				TARGETED_DEVICE_FAMILY = "1,2";
				TEST_TARGET_NAME = "S704 (iOS)";
			};
			name = Debug;
		};
		0AC5649E2872A38500045E65 /* Release */ = {
			isa = XCBuildConfiguration;
			buildSettings = {
				ALWAYS_EMBED_SWIFT_STANDARD_LIBRARIES = YES;
				CODE_SIGN_STYLE = Automatic;
				CURRENT_PROJECT_VERSION = 1;
				DEVELOPMENT_TEAM = K68T34XSW2;
				GENERATE_INFOPLIST_FILE = YES;
				IPHONEOS_DEPLOYMENT_TARGET = 15.5;
				MARKETING_VERSION = 1.0;
				PRODUCT_BUNDLE_IDENTIFIER = "app.peter.Tests-iOS";
				PRODUCT_NAME = "$(TARGET_NAME)";
				SDKROOT = iphoneos;
				SWIFT_EMIT_LOC_STRINGS = NO;
				SWIFT_VERSION = 5.0;
				TARGETED_DEVICE_FAMILY = "1,2";
				TEST_TARGET_NAME = "S704 (iOS)";
				VALIDATE_PRODUCT = YES;
			};
			name = Release;
		};
		0AC564A02872A38500045E65 /* Debug */ = {
			isa = XCBuildConfiguration;
			buildSettings = {
				ALWAYS_EMBED_SWIFT_STANDARD_LIBRARIES = YES;
				CODE_SIGN_STYLE = Automatic;
				CURRENT_PROJECT_VERSION = 1;
				DEVELOPMENT_TEAM = K68T34XSW2;
				GENERATE_INFOPLIST_FILE = YES;
				MACOSX_DEPLOYMENT_TARGET = 12.3;
				MARKETING_VERSION = 1.0;
				PRODUCT_BUNDLE_IDENTIFIER = "app.peter.Tests-macOS";
				PRODUCT_NAME = "$(TARGET_NAME)";
				SDKROOT = macosx;
				SWIFT_EMIT_LOC_STRINGS = NO;
				SWIFT_VERSION = 5.0;
				TEST_TARGET_NAME = "S704 (macOS)";
			};
			name = Debug;
		};
		0AC564A12872A38500045E65 /* Release */ = {
			isa = XCBuildConfiguration;
			buildSettings = {
				ALWAYS_EMBED_SWIFT_STANDARD_LIBRARIES = YES;
				CODE_SIGN_STYLE = Automatic;
				CURRENT_PROJECT_VERSION = 1;
				DEVELOPMENT_TEAM = K68T34XSW2;
				GENERATE_INFOPLIST_FILE = YES;
				MACOSX_DEPLOYMENT_TARGET = 12.3;
				MARKETING_VERSION = 1.0;
				PRODUCT_BUNDLE_IDENTIFIER = "app.peter.Tests-macOS";
				PRODUCT_NAME = "$(TARGET_NAME)";
				SDKROOT = macosx;
				SWIFT_EMIT_LOC_STRINGS = NO;
				SWIFT_VERSION = 5.0;
				TEST_TARGET_NAME = "S704 (macOS)";
			};
			name = Release;
		};
/* End XCBuildConfiguration section */

/* Begin XCConfigurationList section */
		0AC564642872A38400045E65 /* Build configuration list for PBXProject "S704" */ = {
			isa = XCConfigurationList;
			buildConfigurations = (
				0AC564942872A38500045E65 /* Debug */,
				0AC564952872A38500045E65 /* Release */,
			);
			defaultConfigurationIsVisible = 0;
			defaultConfigurationName = Release;
		};
		0AC564962872A38500045E65 /* Build configuration list for PBXNativeTarget "S704 (iOS)" */ = {
			isa = XCConfigurationList;
			buildConfigurations = (
				0AC564972872A38500045E65 /* Debug */,
				0AC564982872A38500045E65 /* Release */,
			);
			defaultConfigurationIsVisible = 0;
			defaultConfigurationName = Release;
		};
		0AC564992872A38500045E65 /* Build configuration list for PBXNativeTarget "S704 (macOS)" */ = {
			isa = XCConfigurationList;
			buildConfigurations = (
				0AC5649A2872A38500045E65 /* Debug */,
				0AC5649B2872A38500045E65 /* Release */,
			);
			defaultConfigurationIsVisible = 0;
			defaultConfigurationName = Release;
		};
		0AC5649C2872A38500045E65 /* Build configuration list for PBXNativeTarget "Tests iOS" */ = {
			isa = XCConfigurationList;
			buildConfigurations = (
				0AC5649D2872A38500045E65 /* Debug */,
				0AC5649E2872A38500045E65 /* Release */,
			);
			defaultConfigurationIsVisible = 0;
			defaultConfigurationName = Release;
		};
		0AC5649F2872A38500045E65 /* Build configuration list for PBXNativeTarget "Tests macOS" */ = {
			isa = XCConfigurationList;
			buildConfigurations = (
				0AC564A02872A38500045E65 /* Debug */,
				0AC564A12872A38500045E65 /* Release */,
			);
			defaultConfigurationIsVisible = 0;
			defaultConfigurationName = Release;
		};
/* End XCConfigurationList section */
	};
	rootObject = 0AC564612872A38400045E65 /* Project object */;
}
